lockfileVersion: "6.0"

settings:
  autoInstallPeers: true
  excludeLinksFromLockfile: false

devDependencies:
  "@playwright/test":
    specifier: ^1.52.0
    version: 1.52.0
  "@types/node":
    specifier: ^22.15.3
    version: 22.15.3
  express:
    specifier: ^4.18.1
    version: 4.18.1
  optionator:
    specifier: ^0.9.3
    version: 0.9.3
  uuid:
    specifier: ^11.1.0
    version: 11.1.0

packages:
  /@aashutoshrathi/word-wrap@1.2.6:
    resolution:
      { integrity: sha512-1Yjs2SvM8TflER/OD3cOjhWWOZb58A2t7wpE2S9XfBYTiIl+XFhQG2bjy4Pu1I+EAlCNUzRDYDdFwFYUKvXcIA== }
    engines: { node: ">=0.10.0" }
    dev: true

  /@playwright/test@1.52.0:
    resolution:
      { integrity: sha512-uh6W7sb55hl7D6vsAeA+V2p5JnlAqzhqFyF0VcJkKZXkgnFcVG9PziERRHQfPLfNGx1C292a4JqbWzhR8L4R1g== }
    engines: { node: ">=18" }
    hasBin: true
    dependencies:
      playwright: 1.52.0
    dev: true

  /@types/node@22.15.3:
    resolution:
      { integrity: sha512-lX7HFZeHf4QG/J7tBZqrCAXwz9J5RD56Y6MpP0eJkka8p+K0RY/yBTW7CYFJ4VGCclxqOLKmiGP5juQc6MKgcw== }
    dependencies:
      undici-types: 6.21.0
    dev: true

  /accepts@1.3.8:
    resolution:
      { integrity: sha512-PYAthTa2m2VKxuvSD3DPC/Gy+U+sOA1LAuT8mkmRuvw+NACSaeXEQ+NHcVF7rONl6qcaxV3Uuemwawk+7+SJLw== }
    engines: { node: ">= 0.6" }
    dependencies:
      mime-types: 2.1.35
      negotiator: 0.6.3
    dev: true

  /array-flatten@1.1.1:
    resolution:
      { integrity: sha512-PCVAQswWemu6UdxsDFFX/+gVeYqKAod3D3UVm91jHwynguOwAvYPhx8nNlM++NqRcK6CxxpUafjmhIdKiHibqg== }
    dev: true

  /body-parser@1.20.0:
    resolution:
      { integrity: sha512-DfJ+q6EPcGKZD1QWUjSpqp+Q7bDQTsQIF4zfUAtZ6qk+H/3/QRhg9CEp39ss+/T2vw0+HaidC0ecJj/DRLIaKg== }
    engines: { node: ">= 0.8", npm: 1.2.8000 || >= 1.4.16 }
    dependencies:
      bytes: 3.1.2
      content-type: 1.0.5
      debug: 2.6.9
      depd: 2.0.0
      destroy: 1.2.0
      http-errors: 2.0.0
      iconv-lite: 0.4.24
      on-finished: 2.4.1
      qs: 6.10.3
      raw-body: 2.5.1
      type-is: 1.6.18
      unpipe: 1.0.0
    transitivePeerDependencies:
      - supports-color
    dev: true

  /bytes@3.1.2:
    resolution:
      { integrity: sha512-/Nf7TyzTx6S3yRJObOAV7956r8cr2+Oj8AC5dt8wSP3BQAoeX58NoHyCU8P8zGkNXStjTSi6fzO6F0pBdcYbEg== }
    engines: { node: ">= 0.8" }
    dev: true

  /call-bind-apply-helpers@1.0.2:
    resolution:
      { integrity: sha512-Sp1ablJ0ivDkSzjcaJdxEunN5/XvksFJ2sMBFfq6x0ryhQV/2b/KwFe21cMpmHtPOSij8K99/wSfoEuTObmuMQ== }
    engines: { node: ">= 0.4" }
    dependencies:
      es-errors: 1.3.0
      function-bind: 1.1.2
    dev: true

  /call-bound@1.0.4:
    resolution:
      { integrity: sha512-+ys997U96po4Kx/ABpBCqhA9EuxJaQWDQg7295H4hBphv3IZg0boBKuwYpt4YXp6MZ5AmZQnU/tyMTlRpaSejg== }
    engines: { node: ">= 0.4" }
    dependencies:
      call-bind-apply-helpers: 1.0.2
      get-intrinsic: 1.3.0
    dev: true

  /content-disposition@0.5.4:
    resolution:
      { integrity: sha512-FveZTNuGw04cxlAiWbzi6zTAL/lhehaWbTtgluJh4/E95DqMwTmha3KZN1aAWA8cFIhHzMZUvLevkw5Rqk+tSQ== }
    engines: { node: ">= 0.6" }
    dependencies:
      safe-buffer: 5.2.1
    dev: true

  /content-type@1.0.5:
    resolution:
      { integrity: sha512-nTjqfcBFEipKdXCv4YDQWCfmcLZKm81ldF0pAopTvyrFGVbcR6P/VAAd5G7N+0tTr8QqiU0tFadD6FK4NtJwOA== }
    engines: { node: ">= 0.6" }
    dev: true

  /cookie-signature@1.0.6:
    resolution:
      { integrity: sha512-QADzlaHc8icV8I7vbaJXJwod9HWYp8uCqf1xa4OfNu1T7JVxQIrUgOWtHdNDtPiywmFbiS12VjotIXLrKM3orQ== }
    dev: true

  /cookie@0.5.0:
    resolution:
      { integrity: sha512-YZ3GUyn/o8gfKJlnlX7g7xq4gyO6OSuhGPKaaGssGB2qgDUS0gPgtTvoyZLTt9Ab6dC4hfc9dV5arkvc/OCmrw== }
    engines: { node: ">= 0.6" }
    dev: true

  /debug@2.6.9:
    resolution:
      { integrity: sha512-bC7ElrdJaJnPbAP+1EotYvqZsb3ecl5wi6Bfi6BJTUcNowp6cvspg0jXznRTKDjm/E7AdgFBVeAPVMNcKGsHMA== }
    peerDependencies:
      supports-color: "*"
    peerDependenciesMeta:
      supports-color:
        optional: true
    dependencies:
      ms: 2.0.0
    dev: true

  /deep-is@0.1.4:
    resolution:
      { integrity: sha512-oIPzksmTg4/MriiaYGO+okXDT7ztn/w3Eptv/+gSIdMdKsJo0u4CfYNFJPy+4SKMuCqGw2wxnA+URMg3t8a/bQ== }
    dev: true

  /depd@2.0.0:
    resolution:
      { integrity: sha512-g7nH6P6dyDioJogAAGprGpCtVImJhpPk/roCzdb3fIh61/s/nPsfR6onyMwkCAR/OlC3yBC0lESvUoQEAssIrw== }
    engines: { node: ">= 0.8" }
    dev: true

  /destroy@1.2.0:
    resolution:
      { integrity: sha512-2sJGJTaXIIaR1w4iJSNoN0hnMY7Gpc/n8D4qSCJw8QqFWXf7cuAgnEHxBpweaVcPevC2l3KpjYCx3NypQQgaJg== }
    engines: { node: ">= 0.8", npm: 1.2.8000 || >= 1.4.16 }
    dev: true

  /dunder-proto@1.0.1:
    resolution:
      { integrity: sha512-KIN/nDJBQRcXw0MLVhZE9iQHmG68qAVIBg9CqmUYjmQIhgij9U5MFvrqkUL5FbtyyzZuOeOt0zdeRe4UY7ct+A== }
    engines: { node: ">= 0.4" }
    dependencies:
      call-bind-apply-helpers: 1.0.2
      es-errors: 1.3.0
      gopd: 1.2.0
    dev: true

  /ee-first@1.1.1:
    resolution:
      { integrity: sha512-WMwm9LhRUo+WUaRN+vRuETqG89IgZphVSNkdFgeb6sS/E4OrDIN7t48CAewSHXc6C8lefD8KKfr5vY61brQlow== }
    dev: true

  /encodeurl@1.0.2:
    resolution:
      { integrity: sha512-TPJXq8JqFaVYm2CWmPvnP2Iyo4ZSM7/QKcSmuMLDObfpH5fi7RUGmd/rTDf+rut/saiDiQEeVTNgAmJEdAOx0w== }
    engines: { node: ">= 0.8" }
    dev: true

  /es-define-property@1.0.1:
    resolution:
      { integrity: sha512-e3nRfgfUZ4rNGL232gUgX06QNyyez04KdjFrF+LTRoOXmrOgFKDg4BCdsjW8EnT69eqdYGmRpJwiPVYNrCaW3g== }
    engines: { node: ">= 0.4" }
    dev: true

  /es-errors@1.3.0:
    resolution:
      { integrity: sha512-Zf5H2Kxt2xjTvbJvP2ZWLEICxA6j+hAmMzIlypy4xcBg1vKVnx89Wy0GbS+kf5cwCVFFzdCFh2XSCFNULS6csw== }
    engines: { node: ">= 0.4" }
    dev: true

  /es-object-atoms@1.1.1:
    resolution:
      { integrity: sha512-FGgH2h8zKNim9ljj7dankFPcICIK9Cp5bm+c2gQSYePhpaG5+esrLODihIorn+Pe6FGJzWhXQotPv73jTaldXA== }
    engines: { node: ">= 0.4" }
    dependencies:
      es-errors: 1.3.0
    dev: true

  /escape-html@1.0.3:
    resolution:
      { integrity: sha512-NiSupZ4OeuGwr68lGIeym/ksIZMJodUGOSCZ/FSnTxcrekbvqrgdUxlJOMpijaKZVjAJrWrGs/6Jy8OMuyj9ow== }
    dev: true

  /etag@1.8.1:
    resolution:
      { integrity: sha512-aIL5Fx7mawVa300al2BnEE4iNvo1qETxLrPI/o05L7z6go7fCw1J6EQmbK4FmJ2AS7kgVF/KEZWufBfdClMcPg== }
    engines: { node: ">= 0.6" }
    dev: true

  /express@4.18.1:
    resolution:
      { integrity: sha512-zZBcOX9TfehHQhtupq57OF8lFZ3UZi08Y97dwFCkD8p9d/d2Y3M+ykKcwaMDEL+4qyUolgBDX6AblpR3fL212Q== }
    engines: { node: ">= 0.10.0" }
    dependencies:
      accepts: 1.3.8
      array-flatten: 1.1.1
      body-parser: 1.20.0
      content-disposition: 0.5.4
      content-type: 1.0.5
      cookie: 0.5.0
      cookie-signature: 1.0.6
      debug: 2.6.9
      depd: 2.0.0
      encodeurl: 1.0.2
      escape-html: 1.0.3
      etag: 1.8.1
      finalhandler: 1.2.0
      fresh: 0.5.2
      http-errors: 2.0.0
      merge-descriptors: 1.0.1
      methods: 1.1.2
      on-finished: 2.4.1
      parseurl: 1.3.3
      path-to-regexp: 0.1.7
      proxy-addr: 2.0.7
      qs: 6.10.3
      range-parser: 1.2.1
      safe-buffer: 5.2.1
      send: 0.18.0
      serve-static: 1.15.0
      setprototypeof: 1.2.0
      statuses: 2.0.1
      type-is: 1.6.18
      utils-merge: 1.0.1
      vary: 1.1.2
    transitivePeerDependencies:
      - supports-color
    dev: true

  /fast-levenshtein@2.0.6:
    resolution:
      { integrity: sha512-DCXu6Ifhqcks7TZKY3Hxp3y6qphY5SJZmrWMDrKcERSOXWQdMhU9Ig/PYrzyw/ul9jOIyh0N4M0tbC5hodg8dw== }
    dev: true

  /finalhandler@1.2.0:
    resolution:
      { integrity: sha512-5uXcUVftlQMFnWC9qu/svkWv3GTd2PfUhK/3PLkYNAe7FbqJMt3515HaxE6eRL74GdsriiwujiawdaB1BpEISg== }
    engines: { node: ">= 0.8" }
    dependencies:
      debug: 2.6.9
      encodeurl: 1.0.2
      escape-html: 1.0.3
      on-finished: 2.4.1
      parseurl: 1.3.3
      statuses: 2.0.1
      unpipe: 1.0.0
    transitivePeerDependencies:
      - supports-color
    dev: true

  /forwarded@0.2.0:
    resolution:
      { integrity: sha512-buRG0fpBtRHSTCOASe6hD258tEubFoRLb4ZNA6NxMVHNw2gOcwHo9wyablzMzOA5z9xA9L1KNjk/Nt6MT9aYow== }
    engines: { node: ">= 0.6" }
    dev: true

  /fresh@0.5.2:
    resolution:
      { integrity: sha512-zJ2mQYM18rEFOudeV4GShTGIQ7RbzA7ozbU9I/XBpm7kqgMywgmylMwXHxZJmkVoYkna9d2pVXVXPdYTP9ej8Q== }
    engines: { node: ">= 0.6" }
    dev: true

  /fsevents@2.3.2:
    resolution:
      { integrity: sha512-xiqMQR4xAeHTuB9uWm+fFRcIOgKBMiOBP+eXiyT7jsgVCq1bkVygt00oASowB7EdtpOHaaPgKt812P9ab+DDKA== }
    engines: { node: ^8.16.0 || ^10.6.0 || >=11.0.0 }
    os: [darwin]
    requiresBuild: true
    dev: true
    optional: true

  /function-bind@1.1.2:
    resolution:
      { integrity: sha512-7XHNxH7qX9xG5mIwxkhumTox/MIRNcOgDrxWsMt2pAr23WHp6MrRlN7FBSFpCpr+oVO0F744iUgR82nJMfG2SA== }
    dev: true

  /get-intrinsic@1.3.0:
    resolution:
      { integrity: sha512-9fSjSaos/fRIVIp+xSJlE6lfwhES7LNtKaCBIamHsjr2na1BiABJPo0mOjjz8GJDURarmCPGqaiVg5mfjb98CQ== }
    engines: { node: ">= 0.4" }
    dependencies:
      call-bind-apply-helpers: 1.0.2
      es-define-property: 1.0.1
      es-errors: 1.3.0
      es-object-atoms: 1.1.1
      function-bind: 1.1.2
      get-proto: 1.0.1
      gopd: 1.2.0
      has-symbols: 1.1.0
      hasown: 2.0.3
      math-intrinsics: 1.1.0
    dev: true

  /get-proto@1.0.1:
    resolution:
      { integrity: sha512-sTSfBjoXBp89JvIKIefqw7U2CCebsc74kiY6awiGogKtoSGbgjYE/G/+l9sF3MWFPNc9IcoOC4ODfKHfxFmp0g== }
    engines: { node: ">= 0.4" }
    dependencies:
      dunder-proto: 1.0.1
      es-object-atoms: 1.1.1
    dev: true

  /gopd@1.2.0:
    resolution:
      { integrity: sha512-ZUKRh6/kUFoAiTAtTYPZJ3hw9wNxx+BIBOijnlG9PnrJsCcSjs1wyyD6vJpaYtgnzDrKYRSqf3OO6Rfa93xsRg== }
    engines: { node: ">= 0.4" }
    dev: true

  /has-symbols@1.1.0:
    resolution:
      { integrity: sha512-1cDNdwJ2Jaohmb3sg4OmKaMBwuC48sYni5HUw2DvsC8LjGTLK9h+eb1X6RyuOHe4hT0ULCW68iomhjUoKUqlPQ== }
    engines: { node: ">= 0.4" }
    dev: true

  /hasown@2.0.3:
    resolution:
      { integrity: sha512-ej4AhfhfL2Q2zpMmLo7U1Uv9+PyhIZpgQLGT1F9miIGmiCJIoCgSmczFdrc97mWT4kVY72KA+WnnhJ5pghSvSg== }
    engines: { node: ">= 0.4" }
    dependencies:
      function-bind: 1.1.2
    dev: true

  /http-errors@2.0.0:
    resolution:
      { integrity: sha512-FtwrG/euBzaEjYeRqOgly7G0qviiXoJWnvEH2Z1plBdXgbyjv34pHTSb9zoeHMyDy33+DWy5Wt9Wo+TURtOYSQ== }
    engines: { node: ">= 0.8" }
    dependencies:
      depd: 2.0.0
      inherits: 2.0.4
      setprototypeof: 1.2.0
      statuses: 2.0.1
      toidentifier: 1.0.1
    dev: true

  /iconv-lite@0.4.24:
    resolution:
      { integrity: sha512-v3MXnZAcvnywkTUEZomIActle7RXXeedOR31wwl7VlyoXO4Qi9arvSenNQWne1TcRwhCL1HwLI21bEqdpj8/rA== }
    engines: { node: ">=0.10.0" }
    dependencies:
      safer-buffer: 2.1.2
    dev: true

  /inherits@2.0.4:
    resolution:
      { integrity: sha512-k/vGaX4/Yla3WzyMCvTQOXYeIHvqOKtnqBduzTHpzpQZzAskKMhZ2K+EnBiSM9zGSoIFeMpXKxa4dYeZIQqewQ== }
    dev: true

  /ipaddr.js@1.9.1:
    resolution:
      { integrity: sha512-0KI/607xoxSToH7GjN1FfSbLoU0+btTicjsQSWQlh/hZykN8KpmMf7uYwPW3R+akZ6R/w18ZlXSHBYXiYUPO3g== }
    engines: { node: ">= 0.10" }
    dev: true

  /levn@0.4.1:
    resolution:
      { integrity: sha512-+bT2uH4E5LGE7h/n3evcS/sQlJXCpIp6ym8OWJ5eV6+67Dsql/LaaT7qJBAt2rzfoa/5QBGBhxDix1dMt2kQKQ== }
    engines: { node: ">= 0.8.0" }
    dependencies:
      prelude-ls: 1.2.1
      type-check: 0.4.0
    dev: true

  /math-intrinsics@1.1.0:
    resolution:
      { integrity: sha512-/IXtbwEk5HTPyEwyKX6hGkYXxM9nbj64B+ilVJnC/R6B0pH5G4V3b0pVbL7DBj4tkhBAppbQUlf6F6Xl9LHu1g== }
    engines: { node: ">= 0.4" }
    dev: true

  /media-typer@0.3.0:
    resolution:
      { integrity: sha512-dq+qelQ9akHpcOl/gUVRTxVIOkAJ1wR3QAvb4RsVjS8oVoFjDGTc679wJYmUmknUF5HwMLOgb5O+a3KxfWapPQ== }
    engines: { node: ">= 0.6" }
    dev: true

  /merge-descriptors@1.0.1:
    resolution:
      { integrity: sha512-cCi6g3/Zr1iqQi6ySbseM1Xvooa98N0w31jzUYrXPX2xqObmFGHJ0tQ5u74H3mVh7wLouTseZyYIq39g8cNp1w== }
    dev: true

  /methods@1.1.2:
    resolution:
      { integrity: sha512-iclAHeNqNm68zFtnZ0e+1L2yUIdvzNoauKU4WBA3VvH/vPFieF7qfRlwUZU+DA9P9bPXIS90ulxoUoCH23sV2w== }
    engines: { node: ">= 0.6" }
    dev: true

  /mime-db@1.52.0:
    resolution:
      { integrity: sha512-sPU4uV7dYlvtWJxwwxHD0PuihVNiE7TyAbQ5SWxDCB9mUYvOgroQOwYQQOKPJ8CIbE+1ETVlOoK1UC2nU3gYvg== }
    engines: { node: ">= 0.6" }
    dev: true

  /mime-types@2.1.35:
    resolution:
      { integrity: sha512-ZDY+bPm5zTTF+YpCrAU9nK0UgICYPT0QtT1NZWFv4s++TNkcgVaT0g6+4R2uI4MjQjzysHB1zxuWL50hzaeXiw== }
    engines: { node: ">= 0.6" }
    dependencies:
      mime-db: 1.52.0
    dev: true

  /mime@1.6.0:
    resolution:
      { integrity: sha512-x0Vn8spI+wuJ1O6S7gnbaQg8Pxh4NNHb7KSINmEWKiPE4RKOplvijn+NkmYmmRgP68mc70j2EbeTFRsrswaQeg== }
    engines: { node: ">=4" }
    hasBin: true
    dev: true

  /ms@2.0.0:
    resolution:
      { integrity: sha512-Tpp60P6IUJDTuOq/5Z8cdskzJujfwqfOTkrwIwj7IRISpnkJnT6SyJ4PCPnGMoFjC9ddhal5KVIYtAt97ix05A== }
    dev: true

  /ms@2.1.3:
    resolution:
      { integrity: sha512-6FlzubTLZG3J2a/NVCAleEhjzq5oxgHyaCU9yYXvcLsvoVaHJq/s5xXI6/XXP6tz7R9xAOtHnSO/tXtF3WRTlA== }
    dev: true

  /negotiator@0.6.3:
    resolution:
      { integrity: sha512-+EUsqGPLsM+j/zdChZjsnX51g4XrHFOIXwfnCVPGlQk/k5giakcKsuxCObBRu6DSm9opw/O6slWbJdghQM4bBg== }
    engines: { node: ">= 0.6" }
    dev: true

  /object-inspect@1.13.4:
    resolution:
      { integrity: sha512-W67iLl4J2EXEGTbfeHCffrjDfitvLANg0UlX3wFUUSTx92KXRFegMHUVgSqE+wvhAbi4WqjGg9czysTV2Epbew== }
    engines: { node: ">= 0.4" }
    dev: true

  /on-finished@2.4.1:
    resolution:
      { integrity: sha512-oVlzkg3ENAhCk2zdv7IJwd/QUD4z2RxRwpkcGY8psCVcCYZNq4wYnVWALHM+brtuJjePWiYF/ClmuDr8Ch5+kg== }
    engines: { node: ">= 0.8" }
    dependencies:
      ee-first: 1.1.1
    dev: true

  /optionator@0.9.3:
    resolution:
      { integrity: sha512-JjCoypp+jKn1ttEFExxhetCKeJt9zhAgAve5FXHixTvFDW/5aEktX9bufBKLRRMdU7bNtpLfcGu94B3cdEJgjg== }
    engines: { node: ">= 0.8.0" }
    dependencies:
      "@aashutoshrathi/word-wrap": 1.2.6
      deep-is: 0.1.4
      fast-levenshtein: 2.0.6
      levn: 0.4.1
      prelude-ls: 1.2.1
      type-check: 0.4.0
    dev: true

  /parseurl@1.3.3:
    resolution:
      { integrity: sha512-CiyeOxFT/JZyN5m0z9PfXw4SCBJ6Sygz1Dpl0wqjlhDEGGBP1GnsUVEL0p63hoG1fcj3fHynXi9NYO4nWOL+qQ== }
    engines: { node: ">= 0.8" }
    dev: true

  /path-to-regexp@0.1.7:
    resolution:
      { integrity: sha512-5DFkuoqlv1uYQKxy8omFBeJPQcdoE07Kv2sferDCrAq1ohOU+MSDswDIbnx3YAM60qIOnYa53wBhXW0EbMonrQ== }
    dev: true

  /playwright-core@1.52.0:
    resolution:
      { integrity: sha512-l2osTgLXSMeuLZOML9qYODUQoPPnUsKsb5/P6LJ2e6uPKXUdPK5WYhN4z03G+YNbWmGDY4YENauNu4ZKczreHg== }
    engines: { node: ">=18" }
    hasBin: true
    dev: true

  /playwright@1.52.0:
    resolution:
      { integrity: sha512-JAwMNMBlxJ2oD1kce4KPtMkDeKGHQstdpFPcPH3maElAXon/QZeTvtsfXmTMRyO9TslfoYOXkSsvao2nE1ilTw== }
    engines: { node: ">=18" }
    hasBin: true
    dependencies:
      playwright-core: 1.52.0
    optionalDependencies:
      fsevents: 2.3.2
    dev: true

  /prelude-ls@1.2.1:
    resolution:
      { integrity: sha512-vkcDPrRZo1QZLbn5RLGPpg/WmIQ65qoWWhcGKf/b5eplkkarX0m9z8ppCat4mlOqUsWpyNuYgO3VRyrYHSzX5g== }
    engines: { node: ">= 0.8.0" }
    dev: true

  /proxy-addr@2.0.7:
    resolution:
      { integrity: sha512-llQsMLSUDUPT44jdrU/O37qlnifitDP+ZwrmmZcoSKyLKvtZxpyV0n2/bD/N4tBAAZ/gJEdZU7KMraoK1+XYAg== }
    engines: { node: ">= 0.10" }
    dependencies:
      forwarded: 0.2.0
      ipaddr.js: 1.9.1
    dev: true

  /qs@6.10.3:
    resolution:
      { integrity: sha512-wr7M2E0OFRfIfJZjKGieI8lBKb7fRCH4Fv5KNPEs7gJ8jadvotdsS08PzOKR7opXhZ/Xkjtt3WF9g38drmyRqQ== }
    engines: { node: ">=0.6" }
    dependencies:
      side-channel: 1.1.0
    dev: true

  /range-parser@1.2.1:
    resolution:
      { integrity: sha512-Hrgsx+orqoygnmhFbKaHE6c296J+HTAQXoxEF6gNupROmmGJRoyzfG3ccAveqCBrwr/2yxQ5BVd/GTl5agOwSg== }
    engines: { node: ">= 0.6" }
    dev: true

  /raw-body@2.5.1:
    resolution:
      { integrity: sha512-qqJBtEyVgS0ZmPGdCFPWJ3FreoqvG4MVQln/kCgF7Olq95IbOp0/BWyMwbdtn4VTvkM8Y7khCQ2Xgk/tcrCXig== }
    engines: { node: ">= 0.8" }
    dependencies:
      bytes: 3.1.2
      http-errors: 2.0.0
      iconv-lite: 0.4.24
      unpipe: 1.0.0
    dev: true

  /safe-buffer@5.2.1:
    resolution:
      { integrity: sha512-rp3So07KcdmmKbGvgaNxQSJr7bGVSVk5S9Eq1F+ppbRo70+YeaDxkw5Dd8NPN+GD6bjnYm2VuPuCXmpuYvmCXQ== }
    dev: true

  /safer-buffer@2.1.2:
    resolution:
      { integrity: sha512-YZo3K82SD7Riyi0E1EQPojLz7kpepnSQI9IyPbHHg1XXXevb5dJI7tpyN2ADxGcQbHG7vcyRHk0cbwqcQriUtg== }
    dev: true

  /send@0.18.0:
    resolution:
      { integrity: sha512-qqWzuOjSFOuqPjFe4NOsMLafToQQwBSOEpS+FwEt3A2V3vKubTquT3vmLTQpFgMXp8AlFWFuP1qKaJZOtPpVXg== }
    engines: { node: ">= 0.8.0" }
    dependencies:
      debug: 2.6.9
      depd: 2.0.0
      destroy: 1.2.0
      encodeurl: 1.0.2
      escape-html: 1.0.3
      etag: 1.8.1
      fresh: 0.5.2
      http-errors: 2.0.0
      mime: 1.6.0
      ms: 2.1.3
      on-finished: 2.4.1
      range-parser: 1.2.1
      statuses: 2.0.1
    transitivePeerDependencies:
      - supports-color
    dev: true

  /serve-static@1.15.0:
    resolution:
      { integrity: sha512-XGuRDNjXUijsUL0vl6nSD7cwURuzEgglbOaFuZM9g3kwDXOWVTck0jLzjPzGD+TazWbboZYu52/9/XPdUgne9g== }
    engines: { node: ">= 0.8.0" }
    dependencies:
      encodeurl: 1.0.2
      escape-html: 1.0.3
      parseurl: 1.3.3
      send: 0.18.0
    transitivePeerDependencies:
      - supports-color
    dev: true

  /setprototypeof@1.2.0:
    resolution:
      { integrity: sha512-E5LDX7Wrp85Kil5bhZv46j8jOeboKq5JMmYM3gVGdGH8xFpPWXUMsNrlODCrkoxMEeNi/XZIwuRvY4XNwYMJpw== }
    dev: true

  /side-channel-list@1.0.1:
    resolution:
      { integrity: sha512-mjn/0bi/oUURjc5Xl7IaWi/OJJJumuoJFQJfDDyO46+hBWsfaVM65TBHq2eoZBhzl9EchxOijpkbRC8SVBQU0w== }
    engines: { node: ">= 0.4" }
    dependencies:
      es-errors: 1.3.0
      object-inspect: 1.13.4
    dev: true

  /side-channel-map@1.0.1:
    resolution:
      { integrity: sha512-VCjCNfgMsby3tTdo02nbjtM/ewra6jPHmpThenkTYh8pG9ucZ/1P8So4u4FGBek/BjpOVsDCMoLA/iuBKIFXRA== }
    engines: { node: ">= 0.4" }
    dependencies:
      call-bound: 1.0.4
      es-errors: 1.3.0
      get-intrinsic: 1.3.0
      object-inspect: 1.13.4
    dev: true

  /side-channel-weakmap@1.0.2:
    resolution:
      { integrity: sha512-WPS/HvHQTYnHisLo9McqBHOJk2FkHO/tlpvldyrnem4aeQp4hai3gythswg6p01oSoTl58rcpiFAjF2br2Ak2A== }
    engines: { node: ">= 0.4" }
    dependencies:
      call-bound: 1.0.4
      es-errors: 1.3.0
      get-intrinsic: 1.3.0
      object-inspect: 1.13.4
      side-channel-map: 1.0.1
    dev: true

  /side-channel@1.1.0:
    resolution:
      { integrity: sha512-ZX99e6tRweoUXqR+VBrslhda51Nh5MTQwou5tnUDgbtyM0dBgmhEDtWGP/xbKn6hqfPRHujUNwz5fy/wbbhnpw== }
    engines: { node: ">= 0.4" }
    dependencies:
      es-errors: 1.3.0
      object-inspect: 1.13.4
      side-channel-list: 1.0.1
      side-channel-map: 1.0.1
      side-channel-weakmap: 1.0.2
    dev: true

  /statuses@2.0.1:
    resolution:
      { integrity: sha512-RwNA9Z/7PrK06rYLIzFMlaF+l73iwpzsqRIFgbMLbTcLD6cOao82TaWefPXQvB2fOC4AjuYSEndS7N/mTCbkdQ== }
    engines: { node: ">= 0.8" }
    dev: true

  /toidentifier@1.0.1:
    resolution:
      { integrity: sha512-o5sSPKEkg/DIQNmH43V0/uerLrpzVedkUh8tGNvaeXpfpuwjKenlSox/2O/BTlZUtEe+JG7s5YhEz608PlAHRA== }
    engines: { node: ">=0.6" }
    dev: true

  /type-check@0.4.0:
    resolution:
      { integrity: sha512-XleUoc9uwGXqjWwXaUTZAmzMcFZ5858QA2vvx1Ur5xIcixXIP+8LnFDgRplU30us6teqdlskFfu+ae4K79Ooew== }
    engines: { node: ">= 0.8.0" }
    dependencies:
      prelude-ls: 1.2.1
    dev: true

  /type-is@1.6.18:
    resolution:
      { integrity: sha512-TkRKr9sUTxEH8MdfuCSP7VizJyzRNMjj2J2do2Jr3Kym598JVdEksuzPQCnlFPW4ky9Q+iA+ma9BGm06XQBy8g== }
    engines: { node: ">= 0.6" }
    dependencies:
      media-typer: 0.3.0
      mime-types: 2.1.35
    dev: true

  /undici-types@6.21.0:
    resolution:
      { integrity: sha512-iwDZqg0QAGrg9Rav5H4n0M64c3mkR59cJ6wQp+7C4nI0gsmExaedaYLNO44eT4AtBBwjbTiGPMlt2Md0T9H9JQ== }
    dev: true

  /unpipe@1.0.0:
    resolution:
      { integrity: sha512-pjy2bYhSsufwWlKwPc+l3cN7+wuJlK6uz0YdJEOlQDbl6jo/YlPi4mb8agUkVC8BF7V8NuzeyPNqRksA3hztKQ== }
    engines: { node: ">= 0.8" }
    dev: true

  /utils-merge@1.0.1:
    resolution:
      { integrity: sha512-pMZTvIkT1d+TFGvDOqodOclx0QWkkgi6Tdoa8gC8ffGAAqz9pzPTZWAybbsHHoED/ztMtkv/VoYTYyShUn81hA== }
    engines: { node: ">= 0.4.0" }
    dev: true

  /uuid@11.1.0:
    resolution:
      { integrity: sha512-0/A9rDy9P7cJ+8w1c9WD9V//9Wj15Ce2MPz8Ri6032usz+NfePxx5AcN3bN+r6ZL6jEo066/yNYB3tn4pQEx+A== }
    hasBin: true
    dev: true

  /vary@1.1.2:
    resolution:
      { integrity: sha512-BNGbWLfd0eUPabhkXUVm0j8uuvREyTh5ovRa/dyow/BqAbZJyC+5fU+IzQOzmAKzYqYRAISoRhdQr3eIZ/PXqg== }
    engines: { node: ">= 0.8" }
    dev: true
