dependencies:
- name: common
  repository: https://charts.bitnami.com/bitnami
  version: 1.17.1
- name: airbyte-bootloader
  repository: https://airbytehq.github.io/helm-charts/
  version: 0.53.178
- name: temporal
  repository: https://airbytehq.github.io/helm-charts/
  version: 0.53.178
- name: webapp
  repository: https://airbytehq.github.io/helm-charts/
  version: 0.53.178
- name: server
  repository: https://airbytehq.github.io/helm-charts/
  version: 0.53.178
- name: airbyte-api-server
  repository: https://airbytehq.github.io/helm-charts/
  version: 0.53.178
- name: worker
  repository: https://airbytehq.github.io/helm-charts/
  version: 0.53.178
- name: workload-api-server
  repository: https://airbytehq.github.io/helm-charts/
  version: 0.53.178
- name: workload-launcher
  repository: https://airbytehq.github.io/helm-charts/
  version: 0.53.178
- name: pod-sweeper
  repository: https://airbytehq.github.io/helm-charts/
  version: 0.53.178
- name: metrics
  repository: https://airbytehq.github.io/helm-charts/
  version: 0.53.178
- name: cron
  repository: https://airbytehq.github.io/helm-charts/
  version: 0.53.178
- name: connector-builder-server
  repository: https://airbytehq.github.io/helm-charts/
  version: 0.53.178
- name: keycloak
  repository: https://airbytehq.github.io/helm-charts/
  version: 0.53.178
- name: keycloak-setup
  repository: https://airbytehq.github.io/helm-charts/
  version: 0.53.178
digest: sha256:c7c79d2f4edac39bf1b4a66c6e9b6f7da1898783910ba767ea2fe6a6e5564c75
generated: "2024-02-14T05:50:59.000087928Z"
