dependencies:
- name: common
  repository: https://charts.bitnami.com/bitnami
  version: 1.17.1
- name: airbyte-bootloader
  repository: https://airbytehq.github.io/helm-charts/
  version: 0.453.2
- name: temporal
  repository: https://airbytehq.github.io/helm-charts/
  version: 0.453.2
- name: webapp
  repository: https://airbytehq.github.io/helm-charts/
  version: 0.453.2
- name: server
  repository: https://airbytehq.github.io/helm-charts/
  version: 0.453.2
- name: worker
  repository: https://airbytehq.github.io/helm-charts/
  version: 0.453.2
- name: workload-api-server
  repository: https://airbytehq.github.io/helm-charts/
  version: 0.453.2
- name: workload-launcher
  repository: https://airbytehq.github.io/helm-charts/
  version: 0.453.2
- name: pod-sweeper
  repository: https://airbytehq.github.io/helm-charts/
  version: 0.453.2
- name: metrics
  repository: https://airbytehq.github.io/helm-charts/
  version: 0.453.2
- name: cron
  repository: https://airbytehq.github.io/helm-charts/
  version: 0.453.2
- name: connector-builder-server
  repository: https://airbytehq.github.io/helm-charts/
  version: 0.453.2
- name: keycloak
  repository: https://airbytehq.github.io/helm-charts/
  version: 0.453.2
- name: keycloak-setup
  repository: https://airbytehq.github.io/helm-charts/
  version: 0.453.2
digest: sha256:9ee8a91b0b74c9c7fe8988a561c8f7f1725589abb28076673e1e746d4dd17d1e
generated: "2024-08-20T18:25:57.389626785Z"
